// !$*UTF8*$!
{
	archiveVersion = 1;
	classes = {
	};
	objectVersion = 46;
	objects = {

/* Begin PBXBuildFile section */
		8868D3251D8681DE001E1680 /* AppDelegate.swift in Sources */ = {isa = PBXBuildFile; fileRef = 8868D3241D8681DE001E1680 /* AppDelegate.swift */; };
		8868D3271D8681DE001E1680 /* ViewController.swift in Sources */ = {isa = PBXBuildFile; fileRef = 8868D3261D8681DE001E1680 /* ViewController.swift */; };
		8868D32A1D8681DE001E1680 /* Main.storyboard in Resources */ = {isa = PBXBuildFile; fileRef = 8868D3281D8681DE001E1680 /* Main.storyboard */; };
		8868D32C1D8681DE001E1680 /* Assets.xcassets in Resources */ = {isa = PBXBuildFile; fileRef = 8868D32B1D8681DE001E1680 /* Assets.xcassets */; };
		8868D32F1D8681DE001E1680 /* LaunchScreen.storyboard in Resources */ = {isa = PBXBuildFile; fileRef = 8868D32D1D8681DE001E1680 /* LaunchScreen.storyboard */; };
		8868D3371D8682C8001E1680 /* TitleScene.sks in Resources */ = {isa = PBXBuildFile; fileRef = 8868D3361D8682C8001E1680 /* TitleScene.sks */; };
		8868D3391D868849001E1680 /* TitleScene.swift in Sources */ = {isa = PBXBuildFile; fileRef = 8868D3381D868849001E1680 /* TitleScene.swift */; };
		8868D33B1D868995001E1680 /* PlayScene.sks in Resources */ = {isa = PBXBuildFile; fileRef = 8868D33A1D868995001E1680 /* PlayScene.sks */; };
		8868D33D1D868A41001E1680 /* PlayScene.swift in Sources */ = {isa = PBXBuildFile; fileRef = 8868D33C1D868A41001E1680 /* PlayScene.swift */; };
		8868D33F1D868AA9001E1680 /* ResultScene.sks in Resources */ = {isa = PBXBuildFile; fileRef = 8868D33E1D868AA9001E1680 /* ResultScene.sks */; };
		8868D3411D868B88001E1680 /* ResultScene.swift in Sources */ = {isa = PBXBuildFile; fileRef = 8868D3401D868B88001E1680 /* ResultScene.swift */; };
/* End PBXBuildFile section */

/* Begin PBXFileReference section */
		8868D3211D8681DD001E1680 /* TestSpriteKit.app */ = {isa = PBXFileReference; explicitFileType = wrapper.application; includeInIndex = 0; path = TestSpriteKit.app; sourceTree = BUILT_PRODUCTS_DIR; };
		8868D3241D8681DE001E1680 /* AppDelegate.swift */ = {isa = PBXFileReference; lastKnownFileType = sourcecode.swift; path = AppDelegate.swift; sourceTree = "<group>"; };
		8868D3261D8681DE001E1680 /* ViewController.swift */ = {isa = PBXFileReference; lastKnownFileType = sourcecode.swift; path = ViewController.swift; sourceTree = "<group>"; };
		8868D3291D8681DE001E1680 /* Base */ = {isa = PBXFileReference; lastKnownFileType = file.storyboard; name = Base; path = Base.lproj/Main.storyboard; sourceTree = "<group>"; };
		8868D32B1D8681DE001E1680 /* Assets.xcassets */ = {isa = PBXFileReference; lastKnownFileType = folder.assetcatalog; path = Assets.xcassets; sourceTree = "<group>"; };
		8868D32E1D8681DE001E1680 /* Base */ = {isa = PBXFileReference; lastKnownFileType = file.storyboard; name = Base; path = Base.lproj/LaunchScreen.storyboard; sourceTree = "<group>"; };
		8868D3301D8681DE001E1680 /* Info.plist */ = {isa = PBXFileReference; lastKnownFileType = text.plist.xml; path = Info.plist; sourceTree = "<group>"; };
		8868D3361D8682C8001E1680 /* TitleScene.sks */ = {isa = PBXFileReference; lastKnownFileType = file.sks; path = TitleScene.sks; sourceTree = "<group>"; };
		8868D3381D868849001E1680 /* TitleScene.swift */ = {isa = PBXFileReference; fileEncoding = 4; lastKnownFileType = sourcecode.swift; path = TitleScene.swift; sourceTree = "<group>"; };
		8868D33A1D868995001E1680 /* PlayScene.sks */ = {isa = PBXFileReference; lastKnownFileType = file.sks; path = PlayScene.sks; sourceTree = "<group>"; };
		8868D33C1D868A41001E1680 /* PlayScene.swift */ = {isa = PBXFileReference; fileEncoding = 4; lastKnownFileType = sourcecode.swift; path = PlayScene.swift; sourceTree = "<group>"; };
		8868D33E1D868AA9001E1680 /* ResultScene.sks */ = {isa = PBXFileReference; lastKnownFileType = file.sks; path = ResultScene.sks; sourceTree = "<group>"; };
		8868D3401D868B88001E1680 /* ResultScene.swift */ = {isa = PBXFileReference; fileEncoding = 4; lastKnownFileType = sourcecode.swift; path = ResultScene.swift; sourceTree = "<group>"; };
/* End PBXFileReference section */

/* Begin PBXFrameworksBuildPhase section */
		8868D31E1D8681DD001E1680 /* Frameworks */ = {
			isa = PBXFrameworksBuildPhase;
			buildActionMask = 2147483647;
			files = (
			);
			runOnlyForDeploymentPostprocessing = 0;
		};
/* End PBXFrameworksBuildPhase section */

/* Begin PBXGroup section */
		8868D3181D8681DD001E1680 = {
			isa = PBXGroup;
			children = (
				8868D3231D8681DD001E1680 /* TestSpriteKit */,
				8868D3221D8681DD001E1680 /* Products */,
			);
			sourceTree = "<group>";
		};
		8868D3221D8681DD001E1680 /* Products */ = {
			isa = PBXGroup;
			children = (
				8868D3211D8681DD001E1680 /* TestSpriteKit.app */,
			);
			name = Products;
			sourceTree = "<group>";
		};
		8868D3231D8681DD001E1680 /* TestSpriteKit */ = {
			isa = PBXGroup;
			children = (
				8868D3241D8681DE001E1680 /* AppDelegate.swift */,
				8868D3261D8681DE001E1680 /* ViewController.swift */,
				8868D3361D8682C8001E1680 /* TitleScene.sks */,
				8868D3281D8681DE001E1680 /* Main.storyboard */,
				8868D3381D868849001E1680 /* TitleScene.swift */,
				8868D33A1D868995001E1680 /* PlayScene.sks */,
				8868D33C1D868A41001E1680 /* PlayScene.swift */,
				8868D33E1D868AA9001E1680 /* ResultScene.sks */,
				8868D3401D868B88001E1680 /* ResultScene.swift */,
				8868D32B1D8681DE001E1680 /* Assets.xcassets */,
				8868D32D1D8681DE001E1680 /* LaunchScreen.storyboard */,
				8868D3301D8681DE001E1680 /* Info.plist */,
			);
			path = TestSpriteKit;
			sourceTree = "<group>";
		};
/* End PBXGroup section */

/* Begin PBXNativeTarget section */
		8868D3201D8681DD001E1680 /* TestSpriteKit */ = {
			isa = PBXNativeTarget;
			buildConfigurationList = 8868D3331D8681DE001E1680 /* Build configuration list for PBXNativeTarget "TestSpriteKit" */;
			buildPhases = (
				8868D31D1D8681DD001E1680 /* Sources */,
				8868D31E1D8681DD001E1680 /* Frameworks */,
				8868D31F1D8681DD001E1680 /* Resources */,
			);
			buildRules = (
			);
			dependencies = (
			);
			name = TestSpriteKit;
			productName = TestSpriteKit;
			productReference = 8868D3211D8681DD001E1680 /* TestSpriteKit.app */;
			productType = "com.apple.product-type.application";
		};
/* End PBXNativeTarget section */

/* Begin PBXProject section */
		8868D3191D8681DD001E1680 /* Project object */ = {
			isa = PBXProject;
			attributes = {
				LastSwiftUpdateCheck = 0730;
				LastUpgradeCheck = 0730;
				ORGANIZATIONNAME = TestOrganization;
				TargetAttributes = {
					8868D3201D8681DD001E1680 = {
						CreatedOnToolsVersion = 7.3.1;
					};
				};
			};
			buildConfigurationList = 8868D31C1D8681DD001E1680 /* Build configuration list for PBXProject "TestSpriteKit" */;
			compatibilityVersion = "Xcode 3.2";
			developmentRegion = English;
			hasScannedForEncodings = 0;
			knownRegions = (
				en,
				Base,
			);
			mainGroup = 8868D3181D8681DD001E1680;
			productRefGroup = 8868D3221D8681DD001E1680 /* Products */;
			projectDirPath = "";
			projectRoot = "";
			targets = (
				8868D3201D8681DD001E1680 /* TestSpriteKit */,
			);
		};
/* End PBXProject section */

/* Begin PBXResourcesBuildPhase section */
		8868D31F1D8681DD001E1680 /* Resources */ = {
			isa = PBXResourcesBuildPhase;
			buildActionMask = 2147483647;
			files = (
				8868D33B1D868995001E1680 /* PlayScene.sks in Resources */,
				8868D32F1D8681DE001E1680 /* LaunchScreen.storyboard in Resources */,
				8868D3371D8682C8001E1680 /* TitleScene.sks in Resources */,
				8868D32C1D8681DE001E1680 /* Assets.xcassets in Resources */,
				8868D32A1D8681DE001E1680 /* Main.storyboard in Resources */,
				8868D33F1D868AA9001E1680 /* ResultScene.sks in Resources */,
			);
			runOnlyForDeploymentPostprocessing = 0;
		};
/* End PBXResourcesBuildPhase section */

/* Begin PBXSourcesBuildPhase section */
		8868D31D1D8681DD001E1680 /* Sources */ = {
			isa = PBXSourcesBuildPhase;
			buildActionMask = 2147483647;
			files = (
				8868D3271D8681DE001E1680 /* ViewController.swift in Sources */,
				8868D3251D8681DE001E1680 /* AppDelegate.swift in Sources */,
				8868D33D1D868A41001E1680 /* PlayScene.swift in Sources */,
				8868D3411D868B88001E1680 /* ResultScene.swift in Sources */,
				8868D3391D868849001E1680 /* TitleScene.swift in Sources */,
			);
			runOnlyForDeploymentPostprocessing = 0;
		};
/* End PBXSourcesBuildPhase section */

/* Begin PBXVariantGroup section */
		8868D3281D8681DE001E1680 /* Main.storyboard */ = {
			isa = PBXVariantGroup;
			children = (
				8868D3291D8681DE001E1680 /* Base */,
			);
			name = Main.storyboard;
			sourceTree = "<group>";
		};
		8868D32D1D8681DE001E1680 /* LaunchScreen.storyboard */ = {
			isa = PBXVariantGroup;
			children = (
				8868D32E1D8681DE001E1680 /* Base */,
			);
			name = LaunchScreen.storyboard;
			sourceTree = "<group>";
		};
/* End PBXVariantGroup section */

/* Begin XCBuildConfiguration section */
		8868D3311D8681DE001E1680 /* Debug */ = {
			isa = XCBuildConfiguration;
			buildSettings = {
				ALWAYS_SEARCH_USER_PATHS = NO;
				CLANG_ANALYZER_NONNULL = YES;
				CLANG_CXX_LANGUAGE_STANDARD = "gnu++0x";
				CLANG_CXX_LIBRARY = "libc++";
				CLANG_ENABLE_MODULES = YES;
				CLANG_ENABLE_OBJC_ARC = YES;
				CLANG_WARN_BOOL_CONVERSION = YES;
				CLANG_WARN_CONSTANT_CONVERSION = YES;
				CLANG_WARN_DIRECT_OBJC_ISA_USAGE = YES_ERROR;
				CLANG_WARN_EMPTY_BODY = YES;
				CLANG_WARN_ENUM_CONVERSION = YES;
				CLANG_WARN_INT_CONVERSION = YES;
				CLANG_WARN_OBJC_ROOT_CLASS = YES_ERROR;
				CLANG_WARN_UNREACHABLE_CODE = YES;
				CLANG_WARN__DUPLICATE_METHOD_MATCH = YES;
				"CODE_SIGN_IDENTITY[sdk=iphoneos*]" = "iPhone Developer";
				COPY_PHASE_STRIP = NO;
				DEBUG_INFORMATION_FORMAT = dwarf;
				ENABLE_STRICT_OBJC_MSGSEND = YES;
				ENABLE_TESTABILITY = YES;
				GCC_C_LANGUAGE_STANDARD = gnu99;
				GCC_DYNAMIC_NO_PIC = NO;
				GCC_NO_COMMON_BLOCKS = YES;
				GCC_OPTIMIZATION_LEVEL = 0;
				GCC_PREPROCESSOR_DEFINITIONS = (
					"DEBUG=1",
					"$(inherited)",
				);
				GCC_WARN_64_TO_32_BIT_CONVERSION = YES;
				GCC_WARN_ABOUT_RETURN_TYPE = YES_ERROR;
				GCC_WARN_UNDECLARED_SELECTOR = YES;
				GCC_WARN_UNINITIALIZED_AUTOS = YES_AGGRESSIVE;
				GCC_WARN_UNUSED_FUNCTION = YES;
				GCC_WARN_UNUSED_VARIABLE = YES;
				IPHONEOS_DEPLOYMENT_TARGET = 9.3;
				MTL_ENABLE_DEBUG_INFO = YES;
				ONLY_ACTIVE_ARCH = YES;
				SDKROOT = iphoneos;
				SWIFT_OPTIMIZATION_LEVEL = "-Onone";
			};
			name = Debug;
		};
		8868D3321D8681DE001E1680 /* Release */ = {
			isa = XCBuildConfiguration;
			buildSettings = {
				ALWAYS_SEARCH_USER_PATHS = NO;
				CLANG_ANALYZER_NONNULL = YES;
				CLANG_CXX_LANGUAGE_STANDARD = "gnu++0x";
				CLANG_CXX_LIBRARY = "libc++";
				CLANG_ENABLE_MODULES = YES;
				CLANG_ENABLE_OBJC_ARC = YES;
				CLANG_WARN_BOOL_CONVERSION = YES;
				CLANG_WARN_CONSTANT_CONVERSION = YES;
				CLANG_WARN_DIRECT_OBJC_ISA_USAGE = YES_ERROR;
				CLANG_WARN_EMPTY_BODY = YES;
				CLANG_WARN_ENUM_CONVERSION = YES;
				CLANG_WARN_INT_CONVERSION = YES;
				CLANG_WARN_OBJC_ROOT_CLASS = YES_ERROR;
				CLANG_WARN_UNREACHABLE_CODE = YES;
				CLANG_WARN__DUPLICATE_METHOD_MATCH = YES;
				"CODE_SIGN_IDENTITY[sdk=iphoneos*]" = "iPhone Developer";
				COPY_PHASE_STRIP = NO;
				DEBUG_INFORMATION_FORMAT = "dwarf-with-dsym";
				ENABLE_NS_ASSERTIONS = NO;
				ENABLE_STRICT_OBJC_MSGSEND = YES;
				GCC_C_LANGUAGE_STANDARD = gnu99;
				GCC_NO_COMMON_BLOCKS = YES;
				GCC_WARN_64_TO_32_BIT_CONVERSION = YES;
				GCC_WARN_ABOUT_RETURN_TYPE = YES_ERROR;
				GCC_WARN_UNDECLARED_SELECTOR = YES;
				GCC_WARN_UNINITIALIZED_AUTOS = YES_AGGRESSIVE;
				GCC_WARN_UNUSED_FUNCTION = YES;
				GCC_WARN_UNUSED_VARIABLE = YES;
				IPHONEOS_DEPLOYMENT_TARGET = 9.3;
				MTL_ENABLE_DEBUG_INFO = NO;
				SDKROOT = iphoneos;
				VALIDATE_PRODUCT = YES;
			};
			name = Release;
		};
		8868D3341D8681DE001E1680 /* Debug */ = {
			isa = XCBuildConfiguration;
			buildSettings = {
				ASSETCATALOG_COMPILER_APPICON_NAME = AppIcon;
				INFOPLIST_FILE = TestSpriteKit/Info.plist;
				LD_RUNPATH_SEARCH_PATHS = "$(inherited) @executable_path/Frameworks";
				PRODUCT_BUNDLE_IDENTIFIER = com.test.TestSpriteKit;
				PRODUCT_NAME = "$(TARGET_NAME)";
			};
			name = Debug;
		};
		8868D3351D8681DE001E1680 /* Release */ = {
			isa = XCBuildConfiguration;
			buildSettings = {
				ASSETCATALOG_COMPILER_APPICON_NAME = AppIcon;
				INFOPLIST_FILE = TestSpriteKit/Info.plist;
				LD_RUNPATH_SEARCH_PATHS = "$(inherited) @executable_path/Frameworks";
				PRODUCT_BUNDLE_IDENTIFIER = com.test.TestSpriteKit;
				PRODUCT_NAME = "$(TARGET_NAME)";
			};
			name = Release;
		};
/* End XCBuildConfiguration section */

/* Begin XCConfigurationList section */
		8868D31C1D8681DD001E1680 /* Build configuration list for PBXProject "TestSpriteKit" */ = {
			isa = XCConfigurationList;
			buildConfigurations = (
				8868D3311D8681DE001E1680 /* Debug */,
				8868D3321D8681DE001E1680 /* Release */,
			);
			defaultConfigurationIsVisible = 0;
			defaultConfigurationName = Release;
		};
		8868D3331D8681DE001E1680 /* Build configuration list for PBXNativeTarget "TestSpriteKit" */ = {
			isa = XCConfigurationList;
			buildConfigurations = (
				8868D3341D8681DE001E1680 /* Debug */,
				8868D3351D8681DE001E1680 /* Release */,
			);
			defaultConfigurationIsVisible = 0;
		};
/* End XCConfigurationList section */
	};
	rootObject = 8868D3191D8681DD001E1680 /* Project object */;
}
